
Microsoft Visual Studio Solution File, Format Version 12.00
Project("{FAE04EC0-301F-11D3-BF4B-00C04F79EFBC}") = "SampleCQRS", "SampleCQRS\SampleCQRS.csproj", "{BF0693C8-4E3F-41ED-9E43-181A2756741B}"
EndProject
Global
	GlobalSection(SolutionConfigurationPlatforms) = preSolution
		Debug|Any CPU = Debug|Any CPU
		Release|Any CPU = Release|Any CPU
	EndGlobalSection
	GlobalSection(ProjectConfigurationPlatforms) = postSolution
		{BF0693C8-4E3F-41ED-9E43-181A2756741B}.Debug|Any CPU.ActiveCfg = Debug|Any CPU
		{BF0693C8-4E3F-41ED-9E43-181A2756741B}.Debug|Any CPU.Build.0 = Debug|Any CPU
		{BF0693C8-4E3F-41ED-9E43-181A2756741B}.Release|Any CPU.ActiveCfg = Release|Any CPU
		{BF0693C8-4E3F-41ED-9E43-181A2756741B}.Release|Any CPU.Build.0 = Release|Any CPU
	EndGlobalSection
EndGlobal
